
Microsoft Visual Studio Solution File, Format Version 12.00
# Visual Studio 15
VisualStudioVersion = 15.0.27004.2002
MinimumVisualStudioVersion = 10.0.40219.1
Project("{FAE04EC0-301F-11D3-BF4B-00C04F79EFBC}") = "unity 2D.Plugins", "unity 2D.Plugins.csproj", "{197B9DE1-DD08-4BF8-2844-B24E53C468C9}"
EndProject
Global
	GlobalSection(SolutionConfigurationPlatforms) = preSolution
		Debug|Any CPU = Debug|Any CPU
		Release|Any CPU = Release|Any CPU
	EndGlobalSection
	GlobalSection(ProjectConfigurationPlatforms) = postSolution
		{197B9DE1-DD08-4BF8-2844-B24E53C468C9}.Debug|Any CPU.ActiveCfg = Debug|Any CPU
		{197B9DE1-DD08-4BF8-2844-B24E53C468C9}.Debug|Any CPU.Build.0 = Debug|Any CPU
		{197B9DE1-DD08-4BF8-2844-B24E53C468C9}.Release|Any CPU.ActiveCfg = Release|Any CPU
		{197B9DE1-DD08-4BF8-2844-B24E53C468C9}.Release|Any CPU.Build.0 = Release|Any CPU
	EndGlobalSection
	GlobalSection(SolutionProperties) = preSolution
		HideSolutionNode = FALSE
	EndGlobalSection
	GlobalSection(ExtensibilityGlobals) = postSolution
		SolutionGuid = {048ADE50-8B60-4FA2-9824-B49C0AAEF7BE}
	EndGlobalSection
EndGlobal
